
Microsoft Visual Studio Solution File, Format Version 12.00
# Visual Studio Version 17
VisualStudioVersion = 17.0.31903.59
MinimumVisualStudioVersion = 10.0.40219.1
Project("{FAE04EC0-301F-11D3-BF4B-00C04F79EFBC}") = "ollamaagentapp", "ollamaagentapp\ollamaagentapp.csproj", "{B4EE8FC2-703E-4B78-BF10-478F0F04C6CC}"
EndProject
Project("{FAE04EC0-301F-11D3-BF4B-00C04F79EFBC}") = "ollamaagentapptst", "ollamaagentapptst\ollamaagentapptst.csproj", "{0503F9D1-B20D-48F7-9139-3498BA1C1EAD}"
EndProject
Global
	GlobalSection(SolutionConfigurationPlatforms) = preSolution
		Debug|Any CPU = Debug|Any CPU
		Release|Any CPU = Release|Any CPU
	EndGlobalSection
	GlobalSection(SolutionProperties) = preSolution
		HideSolutionNode = FALSE
	EndGlobalSection
	GlobalSection(ProjectConfigurationPlatforms) = postSolution
		{B4EE8FC2-703E-4B78-BF10-478F0F04C6CC}.Debug|Any CPU.ActiveCfg = Debug|Any CPU
		{B4EE8FC2-703E-4B78-BF10-478F0F04C6CC}.Debug|Any CPU.Build.0 = Debug|Any CPU
		{B4EE8FC2-703E-4B78-BF10-478F0F04C6CC}.Release|Any CPU.ActiveCfg = Release|Any CPU
		{B4EE8FC2-703E-4B78-BF10-478F0F04C6CC}.Release|Any CPU.Build.0 = Release|Any CPU
		{0503F9D1-B20D-48F7-9139-3498BA1C1EAD}.Debug|Any CPU.ActiveCfg = Debug|Any CPU
		{0503F9D1-B20D-48F7-9139-3498BA1C1EAD}.Debug|Any CPU.Build.0 = Debug|Any CPU
		{0503F9D1-B20D-48F7-9139-3498BA1C1EAD}.Release|Any CPU.ActiveCfg = Release|Any CPU
		{0503F9D1-B20D-48F7-9139-3498BA1C1EAD}.Release|Any CPU.Build.0 = Release|Any CPU
	EndGlobalSection
EndGlobal
