
Microsoft Visual Studio Solution File, Format Version 12.00
# Visual Studio Version 17
VisualStudioVersion = 17.0.31903.59
MinimumVisualStudioVersion = 10.0.40219.1
Project("{FAE04EC0-301F-11D3-BF4B-00C04F79EFBC}") = "consoleapp", "consoleapp\consoleapp.csproj", "{27FA5FB6-A696-4956-ABF6-EA9FD6FF5DA0}"
EndProject
Project("{FAE04EC0-301F-11D3-BF4B-00C04F79EFBC}") = "consoleapptst", "consoleapptst\consoleapptst.csproj", "{518592E8-977C-41F5-8D45-A1CADE486E81}"
EndProject
Global
	GlobalSection(SolutionConfigurationPlatforms) = preSolution
		Debug|Any CPU = Debug|Any CPU
		Release|Any CPU = Release|Any CPU
	EndGlobalSection
	GlobalSection(SolutionProperties) = preSolution
		HideSolutionNode = FALSE
	EndGlobalSection
	GlobalSection(ProjectConfigurationPlatforms) = postSolution
		{27FA5FB6-A696-4956-ABF6-EA9FD6FF5DA0}.Debug|Any CPU.ActiveCfg = Debug|Any CPU
		{27FA5FB6-A696-4956-ABF6-EA9FD6FF5DA0}.Debug|Any CPU.Build.0 = Debug|Any CPU
		{27FA5FB6-A696-4956-ABF6-EA9FD6FF5DA0}.Release|Any CPU.ActiveCfg = Release|Any CPU
		{27FA5FB6-A696-4956-ABF6-EA9FD6FF5DA0}.Release|Any CPU.Build.0 = Release|Any CPU
		{518592E8-977C-41F5-8D45-A1CADE486E81}.Debug|Any CPU.ActiveCfg = Debug|Any CPU
		{518592E8-977C-41F5-8D45-A1CADE486E81}.Debug|Any CPU.Build.0 = Debug|Any CPU
		{518592E8-977C-41F5-8D45-A1CADE486E81}.Release|Any CPU.ActiveCfg = Release|Any CPU
		{518592E8-977C-41F5-8D45-A1CADE486E81}.Release|Any CPU.Build.0 = Release|Any CPU
	EndGlobalSection
EndGlobal
