
Microsoft Visual Studio Solution File, Format Version 12.00
# Visual Studio Version 17
VisualStudioVersion = 17.0.31903.59
MinimumVisualStudioVersion = 10.0.40219.1
Project("{FAE04EC0-301F-11D3-BF4B-00C04F79EFBC}") = "classlibraryapp", "classlibraryapp\classlibraryapp.csproj", "{A7573551-9C2A-4C96-A5DA-3DF1BF07D3AF}"
EndProject
Project("{FAE04EC0-301F-11D3-BF4B-00C04F79EFBC}") = "classlibrarytst", "classlibrarytst\classlibrarytst.csproj", "{DD5880DE-BAE3-4DEE-B9AB-7E98334F7D69}"
EndProject
Global
	GlobalSection(SolutionConfigurationPlatforms) = preSolution
		Debug|Any CPU = Debug|Any CPU
		Release|Any CPU = Release|Any CPU
	EndGlobalSection
	GlobalSection(SolutionProperties) = preSolution
		HideSolutionNode = FALSE
	EndGlobalSection
	GlobalSection(ProjectConfigurationPlatforms) = postSolution
		{A7573551-9C2A-4C96-A5DA-3DF1BF07D3AF}.Debug|Any CPU.ActiveCfg = Debug|Any CPU
		{A7573551-9C2A-4C96-A5DA-3DF1BF07D3AF}.Debug|Any CPU.Build.0 = Debug|Any CPU
		{A7573551-9C2A-4C96-A5DA-3DF1BF07D3AF}.Release|Any CPU.ActiveCfg = Release|Any CPU
		{A7573551-9C2A-4C96-A5DA-3DF1BF07D3AF}.Release|Any CPU.Build.0 = Release|Any CPU
		{DD5880DE-BAE3-4DEE-B9AB-7E98334F7D69}.Debug|Any CPU.ActiveCfg = Debug|Any CPU
		{DD5880DE-BAE3-4DEE-B9AB-7E98334F7D69}.Debug|Any CPU.Build.0 = Debug|Any CPU
		{DD5880DE-BAE3-4DEE-B9AB-7E98334F7D69}.Release|Any CPU.ActiveCfg = Release|Any CPU
		{DD5880DE-BAE3-4DEE-B9AB-7E98334F7D69}.Release|Any CPU.Build.0 = Release|Any CPU
	EndGlobalSection
EndGlobal
